// !$*UTF8*$!
{
	archiveVersion = 1;
	classes = {
	};
	objectVersion = 56;
	objects = {

/* Begin PBXBuildFile section */
		A8E99B7329F8D94800CBD7B9 /* AppDelegate.swift in Sources */ = {isa = PBXBuildFile; fileRef = A8E99B7229F8D94800CBD7B9 /* AppDelegate.swift */; };
		A8E99B7529F8D94800CBD7B9 /* SceneDelegate.swift in Sources */ = {isa = PBXBuildFile; fileRef = A8E99B7429F8D94800CBD7B9 /* SceneDelegate.swift */; };
		A8E99B7729F8D94800CBD7B9 /* ViewController.swift in Sources */ = {isa = PBXBuildFile; fileRef = A8E99B7629F8D94800CBD7B9 /* ViewController.swift */; };
		A8E99B7A29F8D94800CBD7B9 /* Main.storyboard in Resources */ = {isa = PBXBuildFile; fileRef = A8E99B7829F8D94800CBD7B9 /* Main.storyboard */; };
		A8E99B7C29F8D94800CBD7B9 /* Assets.xcassets in Resources */ = {isa = PBXBuildFile; fileRef = A8E99B7B29F8D94800CBD7B9 /* Assets.xcassets */; };
		A8E99B7F29F8D94800CBD7B9 /* LaunchScreen.storyboard in Resources */ = {isa = PBXBuildFile; fileRef = A8E99B7D29F8D94800CBD7B9 /* LaunchScreen.storyboard */; };
		A8E99B8729F8D95900CBD7B9 /* IAPHelper.swift in Sources */ = {isa = PBXBuildFile; fileRef = A8E99B8629F8D95900CBD7B9 /* IAPHelper.swift */; };
		A8E99B8929F8D96400CBD7B9 /* IAPService.swift in Sources */ = {isa = PBXBuildFile; fileRef = A8E99B8829F8D96400CBD7B9 /* IAPService.swift */; };
		A8E99B8B29F8D97A00CBD7B9 /* PurchaseManager.swift in Sources */ = {isa = PBXBuildFile; fileRef = A8E99B8A29F8D97A00CBD7B9 /* PurchaseManager.swift */; };
		A8E99B8D29F8D98500CBD7B9 /* SystemManager.swift in Sources */ = {isa = PBXBuildFile; fileRef = A8E99B8C29F8D98500CBD7B9 /* SystemManager.swift */; };
/* End PBXBuildFile section */

/* Begin PBXFileReference section */
		A8E99B6F29F8D94800CBD7B9 /* InAppPurchaseMock.app */ = {isa = PBXFileReference; explicitFileType = wrapper.application; includeInIndex = 0; path = InAppPurchaseMock.app; sourceTree = BUILT_PRODUCTS_DIR; };
		A8E99B7229F8D94800CBD7B9 /* AppDelegate.swift */ = {isa = PBXFileReference; lastKnownFileType = sourcecode.swift; path = AppDelegate.swift; sourceTree = "<group>"; };
		A8E99B7429F8D94800CBD7B9 /* SceneDelegate.swift */ = {isa = PBXFileReference; lastKnownFileType = sourcecode.swift; path = SceneDelegate.swift; sourceTree = "<group>"; };
		A8E99B7629F8D94800CBD7B9 /* ViewController.swift */ = {isa = PBXFileReference; lastKnownFileType = sourcecode.swift; path = ViewController.swift; sourceTree = "<group>"; };
		A8E99B7929F8D94800CBD7B9 /* Base */ = {isa = PBXFileReference; lastKnownFileType = file.storyboard; name = Base; path = Base.lproj/Main.storyboard; sourceTree = "<group>"; };
		A8E99B7B29F8D94800CBD7B9 /* Assets.xcassets */ = {isa = PBXFileReference; lastKnownFileType = folder.assetcatalog; path = Assets.xcassets; sourceTree = "<group>"; };
		A8E99B7E29F8D94800CBD7B9 /* Base */ = {isa = PBXFileReference; lastKnownFileType = file.storyboard; name = Base; path = Base.lproj/LaunchScreen.storyboard; sourceTree = "<group>"; };
		A8E99B8029F8D94800CBD7B9 /* Info.plist */ = {isa = PBXFileReference; lastKnownFileType = text.plist.xml; path = Info.plist; sourceTree = "<group>"; };
		A8E99B8629F8D95900CBD7B9 /* IAPHelper.swift */ = {isa = PBXFileReference; lastKnownFileType = sourcecode.swift; path = IAPHelper.swift; sourceTree = "<group>"; };
		A8E99B8829F8D96400CBD7B9 /* IAPService.swift */ = {isa = PBXFileReference; lastKnownFileType = sourcecode.swift; path = IAPService.swift; sourceTree = "<group>"; };
		A8E99B8A29F8D97A00CBD7B9 /* PurchaseManager.swift */ = {isa = PBXFileReference; lastKnownFileType = sourcecode.swift; path = PurchaseManager.swift; sourceTree = "<group>"; };
		A8E99B8C29F8D98500CBD7B9 /* SystemManager.swift */ = {isa = PBXFileReference; lastKnownFileType = sourcecode.swift; path = SystemManager.swift; sourceTree = "<group>"; };
/* End PBXFileReference section */

/* Begin PBXFrameworksBuildPhase section */
		A8E99B6C29F8D94800CBD7B9 /* Frameworks */ = {
			isa = PBXFrameworksBuildPhase;
			buildActionMask = 2147483647;
			files = (
			);
			runOnlyForDeploymentPostprocessing = 0;
		};
/* End PBXFrameworksBuildPhase section */

/* Begin PBXGroup section */
		A8E99B6629F8D94800CBD7B9 = {
			isa = PBXGroup;
			children = (
				A8E99B7129F8D94800CBD7B9 /* InAppPurchaseMock */,
				A8E99B7029F8D94800CBD7B9 /* Products */,
			);
			sourceTree = "<group>";
		};
		A8E99B7029F8D94800CBD7B9 /* Products */ = {
			isa = PBXGroup;
			children = (
				A8E99B6F29F8D94800CBD7B9 /* InAppPurchaseMock.app */,
			);
			name = Products;
			sourceTree = "<group>";
		};
		A8E99B7129F8D94800CBD7B9 /* InAppPurchaseMock */ = {
			isa = PBXGroup;
			children = (
				A8E99B7229F8D94800CBD7B9 /* AppDelegate.swift */,
				A8E99B7429F8D94800CBD7B9 /* SceneDelegate.swift */,
				A8E99B7629F8D94800CBD7B9 /* ViewController.swift */,
				A8E99B7829F8D94800CBD7B9 /* Main.storyboard */,
				A8E99B7B29F8D94800CBD7B9 /* Assets.xcassets */,
				A8E99B7D29F8D94800CBD7B9 /* LaunchScreen.storyboard */,
				A8E99B8029F8D94800CBD7B9 /* Info.plist */,
				A8E99B8629F8D95900CBD7B9 /* IAPHelper.swift */,
				A8E99B8E29F8D99400CBD7B9 /* TestCode */,
			);
			path = InAppPurchaseMock;
			sourceTree = "<group>";
		};
		A8E99B8E29F8D99400CBD7B9 /* TestCode */ = {
			isa = PBXGroup;
			children = (
				A8E99B8829F8D96400CBD7B9 /* IAPService.swift */,
				A8E99B8A29F8D97A00CBD7B9 /* PurchaseManager.swift */,
				A8E99B8C29F8D98500CBD7B9 /* SystemManager.swift */,
			);
			path = TestCode;
			sourceTree = "<group>";
		};
/* End PBXGroup section */

/* Begin PBXNativeTarget section */
		A8E99B6E29F8D94800CBD7B9 /* InAppPurchaseMock */ = {
			isa = PBXNativeTarget;
			buildConfigurationList = A8E99B8329F8D94800CBD7B9 /* Build configuration list for PBXNativeTarget "InAppPurchaseMock" */;
			buildPhases = (
				A8E99B6B29F8D94800CBD7B9 /* Sources */,
				A8E99B6C29F8D94800CBD7B9 /* Frameworks */,
				A8E99B6D29F8D94800CBD7B9 /* Resources */,
			);
			buildRules = (
			);
			dependencies = (
			);
			name = InAppPurchaseMock;
			productName = InAppPurchaseMock;
			productReference = A8E99B6F29F8D94800CBD7B9 /* InAppPurchaseMock.app */;
			productType = "com.apple.product-type.application";
		};
/* End PBXNativeTarget section */

/* Begin PBXProject section */
		A8E99B6729F8D94800CBD7B9 /* Project object */ = {
			isa = PBXProject;
			attributes = {
				BuildIndependentTargetsInParallel = 1;
				LastSwiftUpdateCheck = 1430;
				LastUpgradeCheck = 1430;
				TargetAttributes = {
					A8E99B6E29F8D94800CBD7B9 = {
						CreatedOnToolsVersion = 14.3;
					};
				};
			};
			buildConfigurationList = A8E99B6A29F8D94800CBD7B9 /* Build configuration list for PBXProject "InAppPurchaseMock" */;
			compatibilityVersion = "Xcode 14.0";
			developmentRegion = en;
			hasScannedForEncodings = 0;
			knownRegions = (
				en,
				Base,
			);
			mainGroup = A8E99B6629F8D94800CBD7B9;
			productRefGroup = A8E99B7029F8D94800CBD7B9 /* Products */;
			projectDirPath = "";
			projectRoot = "";
			targets = (
				A8E99B6E29F8D94800CBD7B9 /* InAppPurchaseMock */,
			);
		};
/* End PBXProject section */

/* Begin PBXResourcesBuildPhase section */
		A8E99B6D29F8D94800CBD7B9 /* Resources */ = {
			isa = PBXResourcesBuildPhase;
			buildActionMask = 2147483647;
			files = (
				A8E99B7F29F8D94800CBD7B9 /* LaunchScreen.storyboard in Resources */,
				A8E99B7C29F8D94800CBD7B9 /* Assets.xcassets in Resources */,
				A8E99B7A29F8D94800CBD7B9 /* Main.storyboard in Resources */,
			);
			runOnlyForDeploymentPostprocessing = 0;
		};
/* End PBXResourcesBuildPhase section */

/* Begin PBXSourcesBuildPhase section */
		A8E99B6B29F8D94800CBD7B9 /* Sources */ = {
			isa = PBXSourcesBuildPhase;
			buildActionMask = 2147483647;
			files = (
				A8E99B8729F8D95900CBD7B9 /* IAPHelper.swift in Sources */,
				A8E99B8929F8D96400CBD7B9 /* IAPService.swift in Sources */,
				A8E99B8D29F8D98500CBD7B9 /* SystemManager.swift in Sources */,
				A8E99B7729F8D94800CBD7B9 /* ViewController.swift in Sources */,
				A8E99B7329F8D94800CBD7B9 /* AppDelegate.swift in Sources */,
				A8E99B8B29F8D97A00CBD7B9 /* PurchaseManager.swift in Sources */,
				A8E99B7529F8D94800CBD7B9 /* SceneDelegate.swift in Sources */,
			);
			runOnlyForDeploymentPostprocessing = 0;
		};
/* End PBXSourcesBuildPhase section */

/* Begin PBXVariantGroup section */
		A8E99B7829F8D94800CBD7B9 /* Main.storyboard */ = {
			isa = PBXVariantGroup;
			children = (
				A8E99B7929F8D94800CBD7B9 /* Base */,
			);
			name = Main.storyboard;
			sourceTree = "<group>";
		};
		A8E99B7D29F8D94800CBD7B9 /* LaunchScreen.storyboard */ = {
			isa = PBXVariantGroup;
			children = (
				A8E99B7E29F8D94800CBD7B9 /* Base */,
			);
			name = LaunchScreen.storyboard;
			sourceTree = "<group>";
		};
/* End PBXVariantGroup section */

/* Begin XCBuildConfiguration section */
		A8E99B8129F8D94800CBD7B9 /* Debug */ = {
			isa = XCBuildConfiguration;
			buildSettings = {
				ALWAYS_SEARCH_USER_PATHS = NO;
				CLANG_ANALYZER_NONNULL = YES;
				CLANG_ANALYZER_NUMBER_OBJECT_CONVERSION = YES_AGGRESSIVE;
				CLANG_CXX_LANGUAGE_STANDARD = "gnu++20";
				CLANG_ENABLE_MODULES = YES;
				CLANG_ENABLE_OBJC_ARC = YES;
				CLANG_ENABLE_OBJC_WEAK = YES;
				CLANG_WARN_BLOCK_CAPTURE_AUTORELEASING = YES;
				CLANG_WARN_BOOL_CONVERSION = YES;
				CLANG_WARN_COMMA = YES;
				CLANG_WARN_CONSTANT_CONVERSION = YES;
				CLANG_WARN_DEPRECATED_OBJC_IMPLEMENTATIONS = YES;
				CLANG_WARN_DIRECT_OBJC_ISA_USAGE = YES_ERROR;
				CLANG_WARN_DOCUMENTATION_COMMENTS = YES;
				CLANG_WARN_EMPTY_BODY = YES;
				CLANG_WARN_ENUM_CONVERSION = YES;
				CLANG_WARN_INFINITE_RECURSION = YES;
				CLANG_WARN_INT_CONVERSION = YES;
				CLANG_WARN_NON_LITERAL_NULL_CONVERSION = YES;
				CLANG_WARN_OBJC_IMPLICIT_RETAIN_SELF = YES;
				CLANG_WARN_OBJC_LITERAL_CONVERSION = YES;
				CLANG_WARN_OBJC_ROOT_CLASS = YES_ERROR;
				CLANG_WARN_QUOTED_INCLUDE_IN_FRAMEWORK_HEADER = YES;
				CLANG_WARN_RANGE_LOOP_ANALYSIS = YES;
				CLANG_WARN_STRICT_PROTOTYPES = YES;
				CLANG_WARN_SUSPICIOUS_MOVE = YES;
				CLANG_WARN_UNGUARDED_AVAILABILITY = YES_AGGRESSIVE;
				CLANG_WARN_UNREACHABLE_CODE = YES;
				CLANG_WARN__DUPLICATE_METHOD_MATCH = YES;
				COPY_PHASE_STRIP = NO;
				DEBUG_INFORMATION_FORMAT = dwarf;
				ENABLE_STRICT_OBJC_MSGSEND = YES;
				ENABLE_TESTABILITY = YES;
				GCC_C_LANGUAGE_STANDARD = gnu11;
				GCC_DYNAMIC_NO_PIC = NO;
				GCC_NO_COMMON_BLOCKS = YES;
				GCC_OPTIMIZATION_LEVEL = 0;
				GCC_PREPROCESSOR_DEFINITIONS = (
					"DEBUG=1",
					"$(inherited)",
				);
				GCC_WARN_64_TO_32_BIT_CONVERSION = YES;
				GCC_WARN_ABOUT_RETURN_TYPE = YES_ERROR;
				GCC_WARN_UNDECLARED_SELECTOR = YES;
				GCC_WARN_UNINITIALIZED_AUTOS = YES_AGGRESSIVE;
				GCC_WARN_UNUSED_FUNCTION = YES;
				GCC_WARN_UNUSED_VARIABLE = YES;
				IPHONEOS_DEPLOYMENT_TARGET = 16.4;
				MTL_ENABLE_DEBUG_INFO = INCLUDE_SOURCE;
				MTL_FAST_MATH = YES;
				ONLY_ACTIVE_ARCH = YES;
				SDKROOT = iphoneos;
				SWIFT_ACTIVE_COMPILATION_CONDITIONS = DEBUG;
				SWIFT_OPTIMIZATION_LEVEL = "-Onone";
			};
			name = Debug;
		};
		A8E99B8229F8D94800CBD7B9 /* Release */ = {
			isa = XCBuildConfiguration;
			buildSettings = {
				ALWAYS_SEARCH_USER_PATHS = NO;
				CLANG_ANALYZER_NONNULL = YES;
				CLANG_ANALYZER_NUMBER_OBJECT_CONVERSION = YES_AGGRESSIVE;
				CLANG_CXX_LANGUAGE_STANDARD = "gnu++20";
				CLANG_ENABLE_MODULES = YES;
				CLANG_ENABLE_OBJC_ARC = YES;
				CLANG_ENABLE_OBJC_WEAK = YES;
				CLANG_WARN_BLOCK_CAPTURE_AUTORELEASING = YES;
				CLANG_WARN_BOOL_CONVERSION = YES;
				CLANG_WARN_COMMA = YES;
				CLANG_WARN_CONSTANT_CONVERSION = YES;
				CLANG_WARN_DEPRECATED_OBJC_IMPLEMENTATIONS = YES;
				CLANG_WARN_DIRECT_OBJC_ISA_USAGE = YES_ERROR;
				CLANG_WARN_DOCUMENTATION_COMMENTS = YES;
				CLANG_WARN_EMPTY_BODY = YES;
				CLANG_WARN_ENUM_CONVERSION = YES;
				CLANG_WARN_INFINITE_RECURSION = YES;
				CLANG_WARN_INT_CONVERSION = YES;
				CLANG_WARN_NON_LITERAL_NULL_CONVERSION = YES;
				CLANG_WARN_OBJC_IMPLICIT_RETAIN_SELF = YES;
				CLANG_WARN_OBJC_LITERAL_CONVERSION = YES;
				CLANG_WARN_OBJC_ROOT_CLASS = YES_ERROR;
				CLANG_WARN_QUOTED_INCLUDE_IN_FRAMEWORK_HEADER = YES;
				CLANG_WARN_RANGE_LOOP_ANALYSIS = YES;
				CLANG_WARN_STRICT_PROTOTYPES = YES;
				CLANG_WARN_SUSPICIOUS_MOVE = YES;
				CLANG_WARN_UNGUARDED_AVAILABILITY = YES_AGGRESSIVE;
				CLANG_WARN_UNREACHABLE_CODE = YES;
				CLANG_WARN__DUPLICATE_METHOD_MATCH = YES;
				COPY_PHASE_STRIP = NO;
				DEBUG_INFORMATION_FORMAT = "dwarf-with-dsym";
				ENABLE_NS_ASSERTIONS = NO;
				ENABLE_STRICT_OBJC_MSGSEND = YES;
				GCC_C_LANGUAGE_STANDARD = gnu11;
				GCC_NO_COMMON_BLOCKS = YES;
				GCC_WARN_64_TO_32_BIT_CONVERSION = YES;
				GCC_WARN_ABOUT_RETURN_TYPE = YES_ERROR;
				GCC_WARN_UNDECLARED_SELECTOR = YES;
				GCC_WARN_UNINITIALIZED_AUTOS = YES_AGGRESSIVE;
				GCC_WARN_UNUSED_FUNCTION = YES;
				GCC_WARN_UNUSED_VARIABLE = YES;
				IPHONEOS_DEPLOYMENT_TARGET = 16.4;
				MTL_ENABLE_DEBUG_INFO = NO;
				MTL_FAST_MATH = YES;
				SDKROOT = iphoneos;
				SWIFT_COMPILATION_MODE = wholemodule;
				SWIFT_OPTIMIZATION_LEVEL = "-O";
				VALIDATE_PRODUCT = YES;
			};
			name = Release;
		};
		A8E99B8429F8D94800CBD7B9 /* Debug */ = {
			isa = XCBuildConfiguration;
			buildSettings = {
				ASSETCATALOG_COMPILER_APPICON_NAME = AppIcon;
				ASSETCATALOG_COMPILER_GLOBAL_ACCENT_COLOR_NAME = AccentColor;
				CODE_SIGN_STYLE = Automatic;
				CURRENT_PROJECT_VERSION = 1;
				DEVELOPMENT_TEAM = VW2UR5Y845;
				GENERATE_INFOPLIST_FILE = YES;
				INFOPLIST_FILE = InAppPurchaseMock/Info.plist;
				INFOPLIST_KEY_UIApplicationSupportsIndirectInputEvents = YES;
				INFOPLIST_KEY_UILaunchStoryboardName = LaunchScreen;
				INFOPLIST_KEY_UIMainStoryboardFile = Main;
				INFOPLIST_KEY_UISupportedInterfaceOrientations_iPad = "UIInterfaceOrientationPortrait UIInterfaceOrientationPortraitUpsideDown UIInterfaceOrientationLandscapeLeft UIInterfaceOrientationLandscapeRight";
				INFOPLIST_KEY_UISupportedInterfaceOrientations_iPhone = "UIInterfaceOrientationPortrait UIInterfaceOrientationLandscapeLeft UIInterfaceOrientationLandscapeRight";
				LD_RUNPATH_SEARCH_PATHS = (
					"$(inherited)",
					"@executable_path/Frameworks",
				);
				MARKETING_VERSION = 1.0;
				PRODUCT_BUNDLE_IDENTIFIER = com.junhyeok.InAppPurchaseMock;
				PRODUCT_NAME = "$(TARGET_NAME)";
				SWIFT_EMIT_LOC_STRINGS = YES;
				SWIFT_VERSION = 5.0;
				TARGETED_DEVICE_FAMILY = "1,2";
			};
			name = Debug;
		};
		A8E99B8529F8D94800CBD7B9 /* Release */ = {
			isa = XCBuildConfiguration;
			buildSettings = {
				ASSETCATALOG_COMPILER_APPICON_NAME = AppIcon;
				ASSETCATALOG_COMPILER_GLOBAL_ACCENT_COLOR_NAME = AccentColor;
				CODE_SIGN_STYLE = Automatic;
				CURRENT_PROJECT_VERSION = 1;
				DEVELOPMENT_TEAM = VW2UR5Y845;
				GENERATE_INFOPLIST_FILE = YES;
				INFOPLIST_FILE = InAppPurchaseMock/Info.plist;
				INFOPLIST_KEY_UIApplicationSupportsIndirectInputEvents = YES;
				INFOPLIST_KEY_UILaunchStoryboardName = LaunchScreen;
				INFOPLIST_KEY_UIMainStoryboardFile = Main;
				INFOPLIST_KEY_UISupportedInterfaceOrientations_iPad = "UIInterfaceOrientationPortrait UIInterfaceOrientationPortraitUpsideDown UIInterfaceOrientationLandscapeLeft UIInterfaceOrientationLandscapeRight";
				INFOPLIST_KEY_UISupportedInterfaceOrientations_iPhone = "UIInterfaceOrientationPortrait UIInterfaceOrientationLandscapeLeft UIInterfaceOrientationLandscapeRight";
				LD_RUNPATH_SEARCH_PATHS = (
					"$(inherited)",
					"@executable_path/Frameworks",
				);
				MARKETING_VERSION = 1.0;
				PRODUCT_BUNDLE_IDENTIFIER = com.junhyeok.InAppPurchaseMock;
				PRODUCT_NAME = "$(TARGET_NAME)";
				SWIFT_EMIT_LOC_STRINGS = YES;
				SWIFT_VERSION = 5.0;
				TARGETED_DEVICE_FAMILY = "1,2";
			};
			name = Release;
		};
/* End XCBuildConfiguration section */

/* Begin XCConfigurationList section */
		A8E99B6A29F8D94800CBD7B9 /* Build configuration list for PBXProject "InAppPurchaseMock" */ = {
			isa = XCConfigurationList;
			buildConfigurations = (
				A8E99B8129F8D94800CBD7B9 /* Debug */,
				A8E99B8229F8D94800CBD7B9 /* Release */,
			);
			defaultConfigurationIsVisible = 0;
			defaultConfigurationName = Release;
		};
		A8E99B8329F8D94800CBD7B9 /* Build configuration list for PBXNativeTarget "InAppPurchaseMock" */ = {
			isa = XCConfigurationList;
			buildConfigurations = (
				A8E99B8429F8D94800CBD7B9 /* Debug */,
				A8E99B8529F8D94800CBD7B9 /* Release */,
			);
			defaultConfigurationIsVisible = 0;
			defaultConfigurationName = Release;
		};
/* End XCConfigurationList section */
	};
	rootObject = A8E99B6729F8D94800CBD7B9 /* Project object */;
}
